
Microsoft Visual Studio Solution File, Format Version 12.00
# Visual Studio Version 17
VisualStudioVersion = 17.13.35919.96 d17.13
MinimumVisualStudioVersion = 10.0.40219.1
Project("{FAE04EC0-301F-11D3-BF4B-00C04F79EFBC}") = "JobNimbusAssessment", "JobNimbusAssessment\JobNimbusAssessment.csproj", "{59448721-4BE4-450C-A47E-6B8385A2DA5D}"
EndProject
Project("{FAE04EC0-301F-11D3-BF4B-00C04F79EFBC}") = "JobNimbusAssessmentTests", "JobNimbusAssessmentTests\JobNimbusAssessmentTests.csproj", "{C739DF16-F655-4673-BB1E-5821585EFE18}"
EndProject
Global
	GlobalSection(SolutionConfigurationPlatforms) = preSolution
		Debug|Any CPU = Debug|Any CPU
		Release|Any CPU = Release|Any CPU
	EndGlobalSection
	GlobalSection(ProjectConfigurationPlatforms) = postSolution
		{59448721-4BE4-450C-A47E-6B8385A2DA5D}.Debug|Any CPU.ActiveCfg = Debug|Any CPU
		{59448721-4BE4-450C-A47E-6B8385A2DA5D}.Debug|Any CPU.Build.0 = Debug|Any CPU
		{59448721-4BE4-450C-A47E-6B8385A2DA5D}.Release|Any CPU.ActiveCfg = Release|Any CPU
		{59448721-4BE4-450C-A47E-6B8385A2DA5D}.Release|Any CPU.Build.0 = Release|Any CPU
		{C739DF16-F655-4673-BB1E-5821585EFE18}.Debug|Any CPU.ActiveCfg = Debug|Any CPU
		{C739DF16-F655-4673-BB1E-5821585EFE18}.Debug|Any CPU.Build.0 = Debug|Any CPU
		{C739DF16-F655-4673-BB1E-5821585EFE18}.Release|Any CPU.ActiveCfg = Release|Any CPU
		{C739DF16-F655-4673-BB1E-5821585EFE18}.Release|Any CPU.Build.0 = Release|Any CPU
	EndGlobalSection
	GlobalSection(SolutionProperties) = preSolution
		HideSolutionNode = FALSE
	EndGlobalSection
	GlobalSection(ExtensibilityGlobals) = postSolution
		SolutionGuid = {387BB9AB-291E-440A-AED5-EE3EA5CDD3CF}
	EndGlobalSection
EndGlobal
